// !$*UTF8*$!
{
	archiveVersion = 1;
	classes = {
	};
	objectVersion = 46;
	objects = {

/* Begin PBXBuildFile section */
		943700221E23BCF4002E3879 /* AppDelegate.swift in Sources */ = {isa = PBXBuildFile; fileRef = 943700211E23BCF4002E3879 /* AppDelegate.swift */; };
		943700241E23BCF4002E3879 /* ViewController.swift in Sources */ = {isa = PBXBuildFile; fileRef = 943700231E23BCF4002E3879 /* ViewController.swift */; };
		943700271E23BCF4002E3879 /* Main.storyboard in Resources */ = {isa = PBXBuildFile; fileRef = 943700251E23BCF4002E3879 /* Main.storyboard */; };
		943700291E23BCF4002E3879 /* Assets.xcassets in Resources */ = {isa = PBXBuildFile; fileRef = 943700281E23BCF4002E3879 /* Assets.xcassets */; };
		9437002C1E23BCF4002E3879 /* LaunchScreen.storyboard in Resources */ = {isa = PBXBuildFile; fileRef = 9437002A1E23BCF4002E3879 /* LaunchScreen.storyboard */; };
/* End PBXBuildFile section */

/* Begin PBXFileReference section */
		9437001E1E23BCF4002E3879 /* SampleAPI.app */ = {isa = PBXFileReference; explicitFileType = wrapper.application; includeInIndex = 0; path = SampleAPI.app; sourceTree = BUILT_PRODUCTS_DIR; };
		943700211E23BCF4002E3879 /* AppDelegate.swift */ = {isa = PBXFileReference; lastKnownFileType = sourcecode.swift; path = AppDelegate.swift; sourceTree = "<group>"; };
		943700231E23BCF4002E3879 /* ViewController.swift */ = {isa = PBXFileReference; lastKnownFileType = sourcecode.swift; path = ViewController.swift; sourceTree = "<group>"; };
		943700261E23BCF4002E3879 /* Base */ = {isa = PBXFileReference; lastKnownFileType = file.storyboard; name = Base; path = Base.lproj/Main.storyboard; sourceTree = "<group>"; };
		943700281E23BCF4002E3879 /* Assets.xcassets */ = {isa = PBXFileReference; lastKnownFileType = folder.assetcatalog; path = Assets.xcassets; sourceTree = "<group>"; };
		9437002B1E23BCF4002E3879 /* Base */ = {isa = PBXFileReference; lastKnownFileType = file.storyboard; name = Base; path = Base.lproj/LaunchScreen.storyboard; sourceTree = "<group>"; };
		9437002D1E23BCF4002E3879 /* Info.plist */ = {isa = PBXFileReference; lastKnownFileType = text.plist.xml; path = Info.plist; sourceTree = "<group>"; };
/* End PBXFileReference section */

/* Begin PBXFrameworksBuildPhase section */
		9437001B1E23BCF4002E3879 /* Frameworks */ = {
			isa = PBXFrameworksBuildPhase;
			buildActionMask = 2147483647;
			files = (
			);
			runOnlyForDeploymentPostprocessing = 0;
		};
/* End PBXFrameworksBuildPhase section */

/* Begin PBXGroup section */
		943700151E23BCF4002E3879 = {
			isa = PBXGroup;
			children = (
				943700201E23BCF4002E3879 /* SampleAPI */,
				9437001F1E23BCF4002E3879 /* Products */,
			);
			sourceTree = "<group>";
		};
		9437001F1E23BCF4002E3879 /* Products */ = {
			isa = PBXGroup;
			children = (
				9437001E1E23BCF4002E3879 /* SampleAPI.app */,
			);
			name = Products;
			sourceTree = "<group>";
		};
		943700201E23BCF4002E3879 /* SampleAPI */ = {
			isa = PBXGroup;
			children = (
				943700211E23BCF4002E3879 /* AppDelegate.swift */,
				943700231E23BCF4002E3879 /* ViewController.swift */,
				943700251E23BCF4002E3879 /* Main.storyboard */,
				943700281E23BCF4002E3879 /* Assets.xcassets */,
				9437002A1E23BCF4002E3879 /* LaunchScreen.storyboard */,
				9437002D1E23BCF4002E3879 /* Info.plist */,
			);
			path = SampleAPI;
			sourceTree = "<group>";
		};
/* End PBXGroup section */

/* Begin PBXNativeTarget section */
		9437001D1E23BCF4002E3879 /* SampleAPI */ = {
			isa = PBXNativeTarget;
			buildConfigurationList = 943700301E23BCF4002E3879 /* Build configuration list for PBXNativeTarget "SampleAPI" */;
			buildPhases = (
				9437001A1E23BCF4002E3879 /* Sources */,
				9437001B1E23BCF4002E3879 /* Frameworks */,
				9437001C1E23BCF4002E3879 /* Resources */,
			);
			buildRules = (
			);
			dependencies = (
			);
			name = SampleAPI;
			productName = SampleAPI;
			productReference = 9437001E1E23BCF4002E3879 /* SampleAPI.app */;
			productType = "com.apple.product-type.application";
		};
/* End PBXNativeTarget section */

/* Begin PBXProject section */
		943700161E23BCF4002E3879 /* Project object */ = {
			isa = PBXProject;
			attributes = {
				LastSwiftUpdateCheck = 0820;
				LastUpgradeCheck = 0820;
				ORGANIZATIONNAME = OnePointGlobal;
				TargetAttributes = {
					9437001D1E23BCF4002E3879 = {
						CreatedOnToolsVersion = 8.2.1;
						DevelopmentTeam = 7FK8U2PHL6;
						ProvisioningStyle = Automatic;
					};
				};
			};
			buildConfigurationList = 943700191E23BCF4002E3879 /* Build configuration list for PBXProject "SampleAPI" */;
			compatibilityVersion = "Xcode 3.2";
			developmentRegion = English;
			hasScannedForEncodings = 0;
			knownRegions = (
				en,
				Base,
			);
			mainGroup = 943700151E23BCF4002E3879;
			productRefGroup = 9437001F1E23BCF4002E3879 /* Products */;
			projectDirPath = "";
			projectRoot = "";
			targets = (
				9437001D1E23BCF4002E3879 /* SampleAPI */,
			);
		};
/* End PBXProject section */

/* Begin PBXResourcesBuildPhase section */
		9437001C1E23BCF4002E3879 /* Resources */ = {
			isa = PBXResourcesBuildPhase;
			buildActionMask = 2147483647;
			files = (
				9437002C1E23BCF4002E3879 /* LaunchScreen.storyboard in Resources */,
				943700291E23BCF4002E3879 /* Assets.xcassets in Resources */,
				943700271E23BCF4002E3879 /* Main.storyboard in Resources */,
			);
			runOnlyForDeploymentPostprocessing = 0;
		};
/* End PBXResourcesBuildPhase section */

/* Begin PBXSourcesBuildPhase section */
		9437001A1E23BCF4002E3879 /* Sources */ = {
			isa = PBXSourcesBuildPhase;
			buildActionMask = 2147483647;
			files = (
				943700241E23BCF4002E3879 /* ViewController.swift in Sources */,
				943700221E23BCF4002E3879 /* AppDelegate.swift in Sources */,
			);
			runOnlyForDeploymentPostprocessing = 0;
		};
/* End PBXSourcesBuildPhase section */

/* Begin PBXVariantGroup section */
		943700251E23BCF4002E3879 /* Main.storyboard */ = {
			isa = PBXVariantGroup;
			children = (
				943700261E23BCF4002E3879 /* Base */,
			);
			name = Main.storyboard;
			sourceTree = "<group>";
		};
		9437002A1E23BCF4002E3879 /* LaunchScreen.storyboard */ = {
			isa = PBXVariantGroup;
			children = (
				9437002B1E23BCF4002E3879 /* Base */,
			);
			name = LaunchScreen.storyboard;
			sourceTree = "<group>";
		};
/* End PBXVariantGroup section */

/* Begin XCBuildConfiguration section */
		9437002E1E23BCF4002E3879 /* Debug */ = {
			isa = XCBuildConfiguration;
			buildSettings = {
				ALWAYS_SEARCH_USER_PATHS = NO;
				CLANG_ANALYZER_NONNULL = YES;
				CLANG_CXX_LANGUAGE_STANDARD = "gnu++0x";
				CLANG_CXX_LIBRARY = "libc++";
				CLANG_ENABLE_MODULES = YES;
				CLANG_ENABLE_OBJC_ARC = YES;
				CLANG_WARN_BOOL_CONVERSION = YES;
				CLANG_WARN_CONSTANT_CONVERSION = YES;
				CLANG_WARN_DIRECT_OBJC_ISA_USAGE = YES_ERROR;
				CLANG_WARN_DOCUMENTATION_COMMENTS = YES;
				CLANG_WARN_EMPTY_BODY = YES;
				CLANG_WARN_ENUM_CONVERSION = YES;
				CLANG_WARN_INFINITE_RECURSION = YES;
				CLANG_WARN_INT_CONVERSION = YES;
				CLANG_WARN_OBJC_ROOT_CLASS = YES_ERROR;
				CLANG_WARN_SUSPICIOUS_MOVE = YES;
				CLANG_WARN_UNREACHABLE_CODE = YES;
				CLANG_WARN__DUPLICATE_METHOD_MATCH = YES;
				"CODE_SIGN_IDENTITY[sdk=iphoneos*]" = "iPhone Developer";
				COPY_PHASE_STRIP = NO;
				DEBUG_INFORMATION_FORMAT = dwarf;
				ENABLE_STRICT_OBJC_MSGSEND = YES;
				ENABLE_TESTABILITY = YES;
				GCC_C_LANGUAGE_STANDARD = gnu99;
				GCC_DYNAMIC_NO_PIC = NO;
				GCC_NO_COMMON_BLOCKS = YES;
				GCC_OPTIMIZATION_LEVEL = 0;
				GCC_PREPROCESSOR_DEFINITIONS = (
					"DEBUG=1",
					"$(inherited)",
				);
				GCC_WARN_64_TO_32_BIT_CONVERSION = YES;
				GCC_WARN_ABOUT_RETURN_TYPE = YES_ERROR;
				GCC_WARN_UNDECLARED_SELECTOR = YES;
				GCC_WARN_UNINITIALIZED_AUTOS = YES_AGGRESSIVE;
				GCC_WARN_UNUSED_FUNCTION = YES;
				GCC_WARN_UNUSED_VARIABLE = YES;
				IPHONEOS_DEPLOYMENT_TARGET = 10.2;
				MTL_ENABLE_DEBUG_INFO = YES;
				ONLY_ACTIVE_ARCH = YES;
				SDKROOT = iphoneos;
				SWIFT_ACTIVE_COMPILATION_CONDITIONS = DEBUG;
				SWIFT_OPTIMIZATION_LEVEL = "-Onone";
			};
			name = Debug;
		};
		9437002F1E23BCF4002E3879 /* Release */ = {
			isa = XCBuildConfiguration;
			buildSettings = {
				ALWAYS_SEARCH_USER_PATHS = NO;
				CLANG_ANALYZER_NONNULL = YES;
				CLANG_CXX_LANGUAGE_STANDARD = "gnu++0x";
				CLANG_CXX_LIBRARY = "libc++";
				CLANG_ENABLE_MODULES = YES;
				CLANG_ENABLE_OBJC_ARC = YES;
				CLANG_WARN_BOOL_CONVERSION = YES;
				CLANG_WARN_CONSTANT_CONVERSION = YES;
				CLANG_WARN_DIRECT_OBJC_ISA_USAGE = YES_ERROR;
				CLANG_WARN_DOCUMENTATION_COMMENTS = YES;
				CLANG_WARN_EMPTY_BODY = YES;
				CLANG_WARN_ENUM_CONVERSION = YES;
				CLANG_WARN_INFINITE_RECURSION = YES;
				CLANG_WARN_INT_CONVERSION = YES;
				CLANG_WARN_OBJC_ROOT_CLASS = YES_ERROR;
				CLANG_WARN_SUSPICIOUS_MOVE = YES;
				CLANG_WARN_UNREACHABLE_CODE = YES;
				CLANG_WARN__DUPLICATE_METHOD_MATCH = YES;
				"CODE_SIGN_IDENTITY[sdk=iphoneos*]" = "iPhone Developer";
				COPY_PHASE_STRIP = NO;
				DEBUG_INFORMATION_FORMAT = "dwarf-with-dsym";
				ENABLE_NS_ASSERTIONS = NO;
				ENABLE_STRICT_OBJC_MSGSEND = YES;
				GCC_C_LANGUAGE_STANDARD = gnu99;
				GCC_NO_COMMON_BLOCKS = YES;
				GCC_WARN_64_TO_32_BIT_CONVERSION = YES;
				GCC_WARN_ABOUT_RETURN_TYPE = YES_ERROR;
				GCC_WARN_UNDECLARED_SELECTOR = YES;
				GCC_WARN_UNINITIALIZED_AUTOS = YES_AGGRESSIVE;
				GCC_WARN_UNUSED_FUNCTION = YES;
				GCC_WARN_UNUSED_VARIABLE = YES;
				IPHONEOS_DEPLOYMENT_TARGET = 10.2;
				MTL_ENABLE_DEBUG_INFO = NO;
				SDKROOT = iphoneos;
				SWIFT_OPTIMIZATION_LEVEL = "-Owholemodule";
				VALIDATE_PRODUCT = YES;
			};
			name = Release;
		};
		943700311E23BCF4002E3879 /* Debug */ = {
			isa = XCBuildConfiguration;
			buildSettings = {
				ASSETCATALOG_COMPILER_APPICON_NAME = AppIcon;
				DEVELOPMENT_TEAM = 7FK8U2PHL6;
				INFOPLIST_FILE = SampleAPI/Info.plist;
				LD_RUNPATH_SEARCH_PATHS = "$(inherited) @executable_path/Frameworks";
				PRODUCT_BUNDLE_IDENTIFIER = com.onepoint.SampleAPI;
				PRODUCT_NAME = "$(TARGET_NAME)";
				SWIFT_VERSION = 3.0;
			};
			name = Debug;
		};
		943700321E23BCF4002E3879 /* Release */ = {
			isa = XCBuildConfiguration;
			buildSettings = {
				ASSETCATALOG_COMPILER_APPICON_NAME = AppIcon;
				DEVELOPMENT_TEAM = 7FK8U2PHL6;
				INFOPLIST_FILE = SampleAPI/Info.plist;
				LD_RUNPATH_SEARCH_PATHS = "$(inherited) @executable_path/Frameworks";
				PRODUCT_BUNDLE_IDENTIFIER = com.onepoint.SampleAPI;
				PRODUCT_NAME = "$(TARGET_NAME)";
				SWIFT_VERSION = 3.0;
			};
			name = Release;
		};
/* End XCBuildConfiguration section */

/* Begin XCConfigurationList section */
		943700191E23BCF4002E3879 /* Build configuration list for PBXProject "SampleAPI" */ = {
			isa = XCConfigurationList;
			buildConfigurations = (
				9437002E1E23BCF4002E3879 /* Debug */,
				9437002F1E23BCF4002E3879 /* Release */,
			);
			defaultConfigurationIsVisible = 0;
			defaultConfigurationName = Release;
		};
		943700301E23BCF4002E3879 /* Build configuration list for PBXNativeTarget "SampleAPI" */ = {
			isa = XCConfigurationList;
			buildConfigurations = (
				943700311E23BCF4002E3879 /* Debug */,
				943700321E23BCF4002E3879 /* Release */,
			);
			defaultConfigurationIsVisible = 0;
		};
/* End XCConfigurationList section */
	};
	rootObject = 943700161E23BCF4002E3879 /* Project object */;
}
